%{
  "basex": {:hex, :basex, "1.3.3", "857f4df811430d48890863b67bebc115b2d437d78f428ed4125d6edf5d09f80c", [:mix], [], "hexpm", "3a8eaf27124340417d5aa1d7a926a7186f2ea37dbd574426ba521614121fce8d"},
  "blake2": {:hex, :blake2, "1.0.4", "8263c69a191142922bc2510f1ffc0de0ae96e8c3bd5e2ad3fac7e87aed94c8b1", [:mix], [], "hexpm", "e9f4120d163ba14d86304195e50745fa18483e6ad2be94c864ae449bbdd6a189"},
  "earmark_parser": {:hex, :earmark_parser, "1.4.33", "3c3fd9673bb5dcc9edc28dd90f50c87ce506d1f71b70e3de69aa8154bc695d44", [:mix], [], "hexpm", "2d526833729b59b9fdb85785078697c72ac5e5066350663e5be6a1182da61b8f"},
  "ed25519": {:hex, :ed25519, "1.4.1", "479fb83c3e31987c9cad780e6aeb8f2015fb5a482618cdf2a825c9aff809afc4", [:mix], [], "hexpm", "0dacb84f3faa3d8148e81019ca35f9d8dcee13232c32c9db5c2fb8ff48c80ec7"},
  "enacl": {:hex, :enacl, "1.2.1", "7776480b9b3d42a51d66dbbcbf17fa3d79285b3d2adcb4d5b5bd0b70f0ef1949", [:rebar3], [], "hexpm", "67bbbeddd2564dc899a3dcbc3765cd6ad71629134f1e500a50ec071f0f75e552"},
  "equivalex": {:hex, :equivalex, "1.0.3", "170d9a82ae066e0020dfe1cf7811381669565922eb3359f6c91d7e9a1124ff74", [:mix], [], "hexpm", "46fa311adb855117d36e461b9c0ad2598f72110ad17ad73d7533c78020e045fc"},
  "ex_doc": {:hex, :ex_doc, "0.30.6", "5f8b54854b240a2b55c9734c4b1d0dd7bdd41f71a095d42a70445c03cf05a281", [:mix], [{:earmark_parser, "~> 1.4.31", [hex: :earmark_parser, repo: "hexpm", optional: false]}, {:makeup_elixir, "~> 0.14", [hex: :makeup_elixir, repo: "hexpm", optional: false]}, {:makeup_erlang, "~> 0.1", [hex: :makeup_erlang, repo: "hexpm", optional: false]}], "hexpm", "bd48f2ddacf4e482c727f9293d9498e0881597eae6ddc3d9562bd7923375109f"},
  "jason": {:hex, :jason, "1.4.1", "af1504e35f629ddcdd6addb3513c3853991f694921b1b9368b0bd32beb9f1b63", [:mix], [{:decimal, "~> 1.0 or ~> 2.0", [hex: :decimal, repo: "hexpm", optional: true]}], "hexpm", "fbb01ecdfd565b56261302f7e1fcc27c4fb8f32d56eab74db621fc154604a7a1"},
  "lipmaa": {:hex, :lipmaa, "1.1.1", "9200d40d80d67569159126869badc8881c0c1c1646f5f38a77e3cbfe49a8835c", [:mix], [], "hexpm", "cb0b251eddb7f3744ea3f3c1a46bdbf6ea0fe97c6e1dc763976e1a0a5e7956de"},
  "makeup": {:hex, :makeup, "1.1.0", "6b67c8bc2882a6b6a445859952a602afc1a41c2e08379ca057c0f525366fc3ca", [:mix], [{:nimble_parsec, "~> 1.2.2 or ~> 1.3", [hex: :nimble_parsec, repo: "hexpm", optional: false]}], "hexpm", "0a45ed501f4a8897f580eabf99a2e5234ea3e75a4373c8a52824f6e873be57a6"},
  "makeup_elixir": {:hex, :makeup_elixir, "0.16.1", "cc9e3ca312f1cfeccc572b37a09980287e243648108384b97ff2b76e505c3555", [:mix], [{:makeup, "~> 1.0", [hex: :makeup, repo: "hexpm", optional: false]}, {:nimble_parsec, "~> 1.2.3 or ~> 1.3", [hex: :nimble_parsec, repo: "hexpm", optional: false]}], "hexpm", "e127a341ad1b209bd80f7bd1620a15693a9908ed780c3b763bccf7d200c767c6"},
  "makeup_erlang": {:hex, :makeup_erlang, "0.1.2", "ad87296a092a46e03b7e9b0be7631ddcf64c790fa68a9ef5323b6cbb36affc72", [:mix], [{:makeup, "~> 1.0", [hex: :makeup, repo: "hexpm", optional: false]}], "hexpm", "f3f5a1ca93ce6e092d92b6d9c049bcda58a3b617a8d888f8e7231c85630e8108"},
  "nimble_parsec": {:hex, :nimble_parsec, "1.3.1", "2c54013ecf170e249e9291ed0a62e5832f70a476c61da16f6aac6dca0189f2af", [:mix], [], "hexpm", "2682e3c0b2eb58d90c6375fc0cc30bc7be06f365bf72608804fb9cffa5e1b167"},
  "stlv": {:hex, :stlv, "1.0.0", "9cbed432fe35b0c2ca760a0f261bc2565fe68aab362d0ff1095c4d3fb277653e", [:mix], [{:varu64, ">= 0.0.0", [hex: :varu64, repo: "hexpm", optional: false]}], "hexpm", "01e5448bbb88180d71345727019d1400b0a27ca8110907051b2f63b2ac436bea"},
  "varu64": {:hex, :varu64, "1.0.1", "5be91739629b11d9cd0dfa63204e9b461fe4d2d4ad325ad7a2d705daa557237b", [:mix], [], "hexpm", "18b73edfb878813da032140516a669af31f501048d390f0384acbf129379b991"},
  "yamfhash": {:hex, :yamfhash, "1.0.0", "f1ac7146cb4373c2955ecc092c6fd6cd65cd23fc8df792f8c3776abc2ba70414", [:mix], [{:blake2, ">= 1.0.0", [hex: :blake2, repo: "hexpm", optional: false]}, {:equivalex, "~> 1.0", [hex: :equivalex, repo: "hexpm", optional: false]}, {:stlv, ">= 0.0.0", [hex: :stlv, repo: "hexpm", optional: false]}], "hexpm", "d01bb69acb83cabf7836ee24a0bfb2ea183431cd4619409796e01c4910939220"},
}
